
Microsoft Visual Studio Solution File, Format Version 12.00
# Visual Studio Version 16
VisualStudioVersion = 16.0.30503.244
MinimumVisualStudioVersion = 10.0.40219.1
Project("{FAE04EC0-301F-11D3-BF4B-00C04F79EFBC}") = "CafeManagementSystem", "CafeManagementSystem.csproj", "{B6C383AD-9719-4571-8210-19D9EEDB8B90}"
EndProject
Global
	GlobalSection(SolutionConfigurationPlatforms) = preSolution
		Debug|Any CPU = Debug|Any CPU
		Release|Any CPU = Release|Any CPU
	EndGlobalSection
	GlobalSection(ProjectConfigurationPlatforms) = postSolution
		{B6C383AD-9719-4571-8210-19D9EEDB8B90}.Debug|Any CPU.ActiveCfg = Debug|Any CPU
		{B6C383AD-9719-4571-8210-19D9EEDB8B90}.Debug|Any CPU.Build.0 = Debug|Any CPU
		{B6C383AD-9719-4571-8210-19D9EEDB8B90}.Release|Any CPU.ActiveCfg = Release|Any CPU
		{B6C383AD-9719-4571-8210-19D9EEDB8B90}.Release|Any CPU.Build.0 = Release|Any CPU
	EndGlobalSection
	GlobalSection(SolutionProperties) = preSolution
		HideSolutionNode = FALSE
	EndGlobalSection
	GlobalSection(ExtensibilityGlobals) = postSolution
		SolutionGuid = {385670C4-0F13-4259-B484-32E0406EEF9A}
	EndGlobalSection
EndGlobal
